
Microsoft Visual Studio Solution File, Format Version 12.00
# Visual Studio Version 17
VisualStudioVersion = 17.11.35312.102
MinimumVisualStudioVersion = 10.0.40219.1
Project("{9A19103F-16F7-4668-BE54-9A1E7A4F7556}") = "BatterySimulator", "BatterySimulator.csproj", "{3B7D4F21-D42B-47CD-BBCC-8DE85F3E92B3}"
EndProject
Project("{FAE04EC0-301F-11D3-BF4B-00C04F79EFBC}") = "UnitTests", "..\UnitTests\UnitTests.csproj", "{176B88CE-8EA1-4E62-8E18-ECF63618182D}"
EndProject
Project("{FAE04EC0-301F-11D3-BF4B-00C04F79EFBC}") = "BatterySimulatorConsole", "..\BatterySimulatorConsole\BatterySimulatorConsole.csproj", "{3751FD1F-B16F-472B-99F1-D7E404D0657A}"
EndProject
Project("{FAE04EC0-301F-11D3-BF4B-00C04F79EFBC}") = "BatterySimulatorGUI", "..\BatterySimulatorGUI\BatterySimulatorGUI.csproj", "{95F10375-B9EA-4348-A2EE-6570DEA5BE1B}"
EndProject
Project("{FAE04EC0-301F-11D3-BF4B-00C04F79EFBC}") = "BatteryPomaPlanner", "..\ClassLibrary1\BatteryPomaPlanner.csproj", "{60D58352-0566-4916-9F1B-FB3027B1584A}"
EndProject
Global
	GlobalSection(SolutionConfigurationPlatforms) = preSolution
		Debug|Any CPU = Debug|Any CPU
		Release|Any CPU = Release|Any CPU
	EndGlobalSection
	GlobalSection(ProjectConfigurationPlatforms) = postSolution
		{3B7D4F21-D42B-47CD-BBCC-8DE85F3E92B3}.Debug|Any CPU.ActiveCfg = Debug|Any CPU
		{3B7D4F21-D42B-47CD-BBCC-8DE85F3E92B3}.Debug|Any CPU.Build.0 = Debug|Any CPU
		{3B7D4F21-D42B-47CD-BBCC-8DE85F3E92B3}.Release|Any CPU.ActiveCfg = Release|Any CPU
		{3B7D4F21-D42B-47CD-BBCC-8DE85F3E92B3}.Release|Any CPU.Build.0 = Release|Any CPU
		{176B88CE-8EA1-4E62-8E18-ECF63618182D}.Debug|Any CPU.ActiveCfg = Debug|Any CPU
		{176B88CE-8EA1-4E62-8E18-ECF63618182D}.Debug|Any CPU.Build.0 = Debug|Any CPU
		{176B88CE-8EA1-4E62-8E18-ECF63618182D}.Release|Any CPU.ActiveCfg = Release|Any CPU
		{176B88CE-8EA1-4E62-8E18-ECF63618182D}.Release|Any CPU.Build.0 = Release|Any CPU
		{3751FD1F-B16F-472B-99F1-D7E404D0657A}.Debug|Any CPU.ActiveCfg = Debug|Any CPU
		{3751FD1F-B16F-472B-99F1-D7E404D0657A}.Debug|Any CPU.Build.0 = Debug|Any CPU
		{3751FD1F-B16F-472B-99F1-D7E404D0657A}.Release|Any CPU.ActiveCfg = Release|Any CPU
		{3751FD1F-B16F-472B-99F1-D7E404D0657A}.Release|Any CPU.Build.0 = Release|Any CPU
		{95F10375-B9EA-4348-A2EE-6570DEA5BE1B}.Debug|Any CPU.ActiveCfg = Debug|Any CPU
		{95F10375-B9EA-4348-A2EE-6570DEA5BE1B}.Debug|Any CPU.Build.0 = Debug|Any CPU
		{95F10375-B9EA-4348-A2EE-6570DEA5BE1B}.Release|Any CPU.ActiveCfg = Release|Any CPU
		{95F10375-B9EA-4348-A2EE-6570DEA5BE1B}.Release|Any CPU.Build.0 = Release|Any CPU
		{60D58352-0566-4916-9F1B-FB3027B1584A}.Debug|Any CPU.ActiveCfg = Debug|Any CPU
		{60D58352-0566-4916-9F1B-FB3027B1584A}.Debug|Any CPU.Build.0 = Debug|Any CPU
		{60D58352-0566-4916-9F1B-FB3027B1584A}.Release|Any CPU.ActiveCfg = Release|Any CPU
		{60D58352-0566-4916-9F1B-FB3027B1584A}.Release|Any CPU.Build.0 = Release|Any CPU
	EndGlobalSection
	GlobalSection(SolutionProperties) = preSolution
		HideSolutionNode = FALSE
	EndGlobalSection
	GlobalSection(ExtensibilityGlobals) = postSolution
		SolutionGuid = {913DD9A1-E390-49D1-9F93-7143B16EFBCA}
	EndGlobalSection
EndGlobal
